# This file is autogenerated, do not edit; changes may be undone by the next 'dep ensure'.


[[projects]]
  name = "github.com/aws/aws-sdk-go"
  packages = [
    "aws",
    "aws/awserr",
    "aws/awsutil",
    "aws/client",
    "aws/client/metadata",
    "aws/corehandlers",
    "aws/credentials",
    "aws/credentials/ec2rolecreds",
    "aws/credentials/endpointcreds",
    "aws/credentials/stscreds",
    "aws/defaults",
    "aws/ec2metadata",
    "aws/request",
    "aws/session",
    "aws/signer/v4",
    "private/endpoints",
    "private/protocol",
    "private/protocol/query",
    "private/protocol/query/queryutil",
    "private/protocol/rest",
    "private/protocol/restxml",
    "private/protocol/xml/xmlutil",
    "private/waiter",
    "service/s3",
    "service/sqs",
    "service/sts"
  ]
  revision = "6c577e9e7b08a6d10bad1c9703227cd0403a8dd7"
  version = "v1.4.22"

[[projects]]
  name = "github.com/garyburd/redigo"
  packages = [
    "internal",
    "redis"
  ]
  revision = "8873b2f1995f59d4bcdd2b0dc9858e2cb9bf0c13"
  version = "v1.0.0"

[[projects]]
  name = "github.com/go-ini/ini"
  packages = ["."]
  revision = "72ba3e6b9e6b87e0c74c9a7a4dc86e8dd8ba4355"
  version = "v1.12.0"

[[projects]]
  name = "github.com/jmespath/go-jmespath"
  packages = ["."]
  revision = "0b12d6b521d83fc7f755e7cfc1b1fbdd35a01a74"

[solve-meta]
  analyzer-name = "dep"
  analyzer-version = 1
  inputs-digest = "eec6a12845e79982bb1ce28fe5b2360a9d88bf38517f1daf7b723618ba26999e"
  solver-name = "gps-cdcl"
  solver-version = 1
